// !$*UTF8*$!
{
	archiveVersion = 1;
	classes = {
	};
	objectVersion = 56;
	objects = {

/* Begin PBXBuildFile section */
		7696B52B2A60142F0063D21F /* AppDelegate.swift in Sources */ = {isa = PBXBuildFile; fileRef = 7696B52A2A60142F0063D21F /* AppDelegate.swift */; };
		7696B52D2A60142F0063D21F /* SceneDelegate.swift in Sources */ = {isa = PBXBuildFile; fileRef = 7696B52C2A60142F0063D21F /* SceneDelegate.swift */; };
		7696B52F2A60142F0063D21F /* ViewController.swift in Sources */ = {isa = PBXBuildFile; fileRef = 7696B52E2A60142F0063D21F /* ViewController.swift */; };
		7696B5322A60142F0063D21F /* Main.storyboard in Resources */ = {isa = PBXBuildFile; fileRef = 7696B5302A60142F0063D21F /* Main.storyboard */; };
		7696B5342A6014300063D21F /* Assets.xcassets in Resources */ = {isa = PBXBuildFile; fileRef = 7696B5332A6014300063D21F /* Assets.xcassets */; };
		7696B5372A6014300063D21F /* LaunchScreen.storyboard in Resources */ = {isa = PBXBuildFile; fileRef = 7696B5352A6014300063D21F /* LaunchScreen.storyboard */; };
		7696B5422A6014300063D21F /* TempoTests.swift in Sources */ = {isa = PBXBuildFile; fileRef = 7696B5412A6014300063D21F /* TempoTests.swift */; };
		7696B54C2A6014300063D21F /* TempoUITests.swift in Sources */ = {isa = PBXBuildFile; fileRef = 7696B54B2A6014300063D21F /* TempoUITests.swift */; };
		7696B54E2A6014300063D21F /* TempoUITestsLaunchTests.swift in Sources */ = {isa = PBXBuildFile; fileRef = 7696B54D2A6014300063D21F /* TempoUITestsLaunchTests.swift */; };
/* End PBXBuildFile section */

/* Begin PBXContainerItemProxy section */
		7696B53E2A6014300063D21F /* PBXContainerItemProxy */ = {
			isa = PBXContainerItemProxy;
			containerPortal = 7696B51F2A60142F0063D21F /* Project object */;
			proxyType = 1;
			remoteGlobalIDString = 7696B5262A60142F0063D21F;
			remoteInfo = Tempo;
		};
		7696B5482A6014300063D21F /* PBXContainerItemProxy */ = {
			isa = PBXContainerItemProxy;
			containerPortal = 7696B51F2A60142F0063D21F /* Project object */;
			proxyType = 1;
			remoteGlobalIDString = 7696B5262A60142F0063D21F;
			remoteInfo = Tempo;
		};
/* End PBXContainerItemProxy section */

/* Begin PBXFileReference section */
		7696B5272A60142F0063D21F /* Tempo.app */ = {isa = PBXFileReference; explicitFileType = wrapper.application; includeInIndex = 0; path = Tempo.app; sourceTree = BUILT_PRODUCTS_DIR; };
		7696B52A2A60142F0063D21F /* AppDelegate.swift */ = {isa = PBXFileReference; lastKnownFileType = sourcecode.swift; path = AppDelegate.swift; sourceTree = "<group>"; };
		7696B52C2A60142F0063D21F /* SceneDelegate.swift */ = {isa = PBXFileReference; lastKnownFileType = sourcecode.swift; path = SceneDelegate.swift; sourceTree = "<group>"; };
		7696B52E2A60142F0063D21F /* ViewController.swift */ = {isa = PBXFileReference; lastKnownFileType = sourcecode.swift; path = ViewController.swift; sourceTree = "<group>"; };
		7696B5312A60142F0063D21F /* Base */ = {isa = PBXFileReference; lastKnownFileType = file.storyboard; name = Base; path = Base.lproj/Main.storyboard; sourceTree = "<group>"; };
		7696B5332A6014300063D21F /* Assets.xcassets */ = {isa = PBXFileReference; lastKnownFileType = folder.assetcatalog; path = Assets.xcassets; sourceTree = "<group>"; };
		7696B5362A6014300063D21F /* Base */ = {isa = PBXFileReference; lastKnownFileType = file.storyboard; name = Base; path = Base.lproj/LaunchScreen.storyboard; sourceTree = "<group>"; };
		7696B5382A6014300063D21F /* Info.plist */ = {isa = PBXFileReference; lastKnownFileType = text.plist.xml; path = Info.plist; sourceTree = "<group>"; };
		7696B53D2A6014300063D21F /* TempoTests.xctest */ = {isa = PBXFileReference; explicitFileType = wrapper.cfbundle; includeInIndex = 0; path = TempoTests.xctest; sourceTree = BUILT_PRODUCTS_DIR; };
		7696B5412A6014300063D21F /* TempoTests.swift */ = {isa = PBXFileReference; lastKnownFileType = sourcecode.swift; path = TempoTests.swift; sourceTree = "<group>"; };
		7696B5472A6014300063D21F /* TempoUITests.xctest */ = {isa = PBXFileReference; explicitFileType = wrapper.cfbundle; includeInIndex = 0; path = TempoUITests.xctest; sourceTree = BUILT_PRODUCTS_DIR; };
		7696B54B2A6014300063D21F /* TempoUITests.swift */ = {isa = PBXFileReference; lastKnownFileType = sourcecode.swift; path = TempoUITests.swift; sourceTree = "<group>"; };
		7696B54D2A6014300063D21F /* TempoUITestsLaunchTests.swift */ = {isa = PBXFileReference; lastKnownFileType = sourcecode.swift; path = TempoUITestsLaunchTests.swift; sourceTree = "<group>"; };
/* End PBXFileReference section */

/* Begin PBXFrameworksBuildPhase section */
		7696B5242A60142F0063D21F /* Frameworks */ = {
			isa = PBXFrameworksBuildPhase;
			buildActionMask = 2147483647;
			files = (
			);
			runOnlyForDeploymentPostprocessing = 0;
		};
		7696B53A2A6014300063D21F /* Frameworks */ = {
			isa = PBXFrameworksBuildPhase;
			buildActionMask = 2147483647;
			files = (
			);
			runOnlyForDeploymentPostprocessing = 0;
		};
		7696B5442A6014300063D21F /* Frameworks */ = {
			isa = PBXFrameworksBuildPhase;
			buildActionMask = 2147483647;
			files = (
			);
			runOnlyForDeploymentPostprocessing = 0;
		};
/* End PBXFrameworksBuildPhase section */

/* Begin PBXGroup section */
		7696B51E2A60142F0063D21F = {
			isa = PBXGroup;
			children = (
				7696B5292A60142F0063D21F /* Tempo */,
				7696B5402A6014300063D21F /* TempoTests */,
				7696B54A2A6014300063D21F /* TempoUITests */,
				7696B5282A60142F0063D21F /* Products */,
			);
			sourceTree = "<group>";
		};
		7696B5282A60142F0063D21F /* Products */ = {
			isa = PBXGroup;
			children = (
				7696B5272A60142F0063D21F /* Tempo.app */,
				7696B53D2A6014300063D21F /* TempoTests.xctest */,
				7696B5472A6014300063D21F /* TempoUITests.xctest */,
			);
			name = Products;
			sourceTree = "<group>";
		};
		7696B5292A60142F0063D21F /* Tempo */ = {
			isa = PBXGroup;
			children = (
				7696B55C2A6018050063D21F /* View */,
				7696B55B2A6017F70063D21F /* Model */,
				7696B55A2A60177B0063D21F /* Controller */,
				7696B52A2A60142F0063D21F /* AppDelegate.swift */,
				7696B52C2A60142F0063D21F /* SceneDelegate.swift */,
				7696B5302A60142F0063D21F /* Main.storyboard */,
				7696B5332A6014300063D21F /* Assets.xcassets */,
				7696B5352A6014300063D21F /* LaunchScreen.storyboard */,
				7696B5382A6014300063D21F /* Info.plist */,
			);
			path = Tempo;
			sourceTree = "<group>";
		};
		7696B5402A6014300063D21F /* TempoTests */ = {
			isa = PBXGroup;
			children = (
				7696B5412A6014300063D21F /* TempoTests.swift */,
			);
			path = TempoTests;
			sourceTree = "<group>";
		};
		7696B54A2A6014300063D21F /* TempoUITests */ = {
			isa = PBXGroup;
			children = (
				7696B54B2A6014300063D21F /* TempoUITests.swift */,
				7696B54D2A6014300063D21F /* TempoUITestsLaunchTests.swift */,
			);
			path = TempoUITests;
			sourceTree = "<group>";
		};
		7696B55A2A60177B0063D21F /* Controller */ = {
			isa = PBXGroup;
			children = (
				7696B52E2A60142F0063D21F /* ViewController.swift */,
			);
			path = Controller;
			sourceTree = "<group>";
		};
		7696B55B2A6017F70063D21F /* Model */ = {
			isa = PBXGroup;
			children = (
			);
			path = Model;
			sourceTree = "<group>";
		};
		7696B55C2A6018050063D21F /* View */ = {
			isa = PBXGroup;
			children = (
			);
			path = View;
			sourceTree = "<group>";
		};
/* End PBXGroup section */

/* Begin PBXNativeTarget section */
		7696B5262A60142F0063D21F /* Tempo */ = {
			isa = PBXNativeTarget;
			buildConfigurationList = 7696B5512A6014300063D21F /* Build configuration list for PBXNativeTarget "Tempo" */;
			buildPhases = (
				7696B5232A60142F0063D21F /* Sources */,
				7696B5242A60142F0063D21F /* Frameworks */,
				7696B5252A60142F0063D21F /* Resources */,
			);
			buildRules = (
			);
			dependencies = (
			);
			name = Tempo;
			productName = Tempo;
			productReference = 7696B5272A60142F0063D21F /* Tempo.app */;
			productType = "com.apple.product-type.application";
		};
		7696B53C2A6014300063D21F /* TempoTests */ = {
			isa = PBXNativeTarget;
			buildConfigurationList = 7696B5542A6014300063D21F /* Build configuration list for PBXNativeTarget "TempoTests" */;
			buildPhases = (
				7696B5392A6014300063D21F /* Sources */,
				7696B53A2A6014300063D21F /* Frameworks */,
				7696B53B2A6014300063D21F /* Resources */,
			);
			buildRules = (
			);
			dependencies = (
				7696B53F2A6014300063D21F /* PBXTargetDependency */,
			);
			name = TempoTests;
			productName = TempoTests;
			productReference = 7696B53D2A6014300063D21F /* TempoTests.xctest */;
			productType = "com.apple.product-type.bundle.unit-test";
		};
		7696B5462A6014300063D21F /* TempoUITests */ = {
			isa = PBXNativeTarget;
			buildConfigurationList = 7696B5572A6014300063D21F /* Build configuration list for PBXNativeTarget "TempoUITests" */;
			buildPhases = (
				7696B5432A6014300063D21F /* Sources */,
				7696B5442A6014300063D21F /* Frameworks */,
				7696B5452A6014300063D21F /* Resources */,
			);
			buildRules = (
			);
			dependencies = (
				7696B5492A6014300063D21F /* PBXTargetDependency */,
			);
			name = TempoUITests;
			productName = TempoUITests;
			productReference = 7696B5472A6014300063D21F /* TempoUITests.xctest */;
			productType = "com.apple.product-type.bundle.ui-testing";
		};
/* End PBXNativeTarget section */

/* Begin PBXProject section */
		7696B51F2A60142F0063D21F /* Project object */ = {
			isa = PBXProject;
			attributes = {
				BuildIndependentTargetsInParallel = 1;
				LastSwiftUpdateCheck = 1430;
				LastUpgradeCheck = 1430;
				TargetAttributes = {
					7696B5262A60142F0063D21F = {
						CreatedOnToolsVersion = 14.3.1;
					};
					7696B53C2A6014300063D21F = {
						CreatedOnToolsVersion = 14.3.1;
						TestTargetID = 7696B5262A60142F0063D21F;
					};
					7696B5462A6014300063D21F = {
						CreatedOnToolsVersion = 14.3.1;
						TestTargetID = 7696B5262A60142F0063D21F;
					};
				};
			};
			buildConfigurationList = 7696B5222A60142F0063D21F /* Build configuration list for PBXProject "Tempo" */;
			compatibilityVersion = "Xcode 14.0";
			developmentRegion = en;
			hasScannedForEncodings = 0;
			knownRegions = (
				en,
				Base,
			);
			mainGroup = 7696B51E2A60142F0063D21F;
			productRefGroup = 7696B5282A60142F0063D21F /* Products */;
			projectDirPath = "";
			projectRoot = "";
			targets = (
				7696B5262A60142F0063D21F /* Tempo */,
				7696B53C2A6014300063D21F /* TempoTests */,
				7696B5462A6014300063D21F /* TempoUITests */,
			);
		};
/* End PBXProject section */

/* Begin PBXResourcesBuildPhase section */
		7696B5252A60142F0063D21F /* Resources */ = {
			isa = PBXResourcesBuildPhase;
			buildActionMask = 2147483647;
			files = (
				7696B5372A6014300063D21F /* LaunchScreen.storyboard in Resources */,
				7696B5342A6014300063D21F /* Assets.xcassets in Resources */,
				7696B5322A60142F0063D21F /* Main.storyboard in Resources */,
			);
			runOnlyForDeploymentPostprocessing = 0;
		};
		7696B53B2A6014300063D21F /* Resources */ = {
			isa = PBXResourcesBuildPhase;
			buildActionMask = 2147483647;
			files = (
			);
			runOnlyForDeploymentPostprocessing = 0;
		};
		7696B5452A6014300063D21F /* Resources */ = {
			isa = PBXResourcesBuildPhase;
			buildActionMask = 2147483647;
			files = (
			);
			runOnlyForDeploymentPostprocessing = 0;
		};
/* End PBXResourcesBuildPhase section */

/* Begin PBXSourcesBuildPhase section */
		7696B5232A60142F0063D21F /* Sources */ = {
			isa = PBXSourcesBuildPhase;
			buildActionMask = 2147483647;
			files = (
				7696B52F2A60142F0063D21F /* ViewController.swift in Sources */,
				7696B52B2A60142F0063D21F /* AppDelegate.swift in Sources */,
				7696B52D2A60142F0063D21F /* SceneDelegate.swift in Sources */,
			);
			runOnlyForDeploymentPostprocessing = 0;
		};
		7696B5392A6014300063D21F /* Sources */ = {
			isa = PBXSourcesBuildPhase;
			buildActionMask = 2147483647;
			files = (
				7696B5422A6014300063D21F /* TempoTests.swift in Sources */,
			);
			runOnlyForDeploymentPostprocessing = 0;
		};
		7696B5432A6014300063D21F /* Sources */ = {
			isa = PBXSourcesBuildPhase;
			buildActionMask = 2147483647;
			files = (
				7696B54E2A6014300063D21F /* TempoUITestsLaunchTests.swift in Sources */,
				7696B54C2A6014300063D21F /* TempoUITests.swift in Sources */,
			);
			runOnlyForDeploymentPostprocessing = 0;
		};
/* End PBXSourcesBuildPhase section */

/* Begin PBXTargetDependency section */
		7696B53F2A6014300063D21F /* PBXTargetDependency */ = {
			isa = PBXTargetDependency;
			target = 7696B5262A60142F0063D21F /* Tempo */;
			targetProxy = 7696B53E2A6014300063D21F /* PBXContainerItemProxy */;
		};
		7696B5492A6014300063D21F /* PBXTargetDependency */ = {
			isa = PBXTargetDependency;
			target = 7696B5262A60142F0063D21F /* Tempo */;
			targetProxy = 7696B5482A6014300063D21F /* PBXContainerItemProxy */;
		};
/* End PBXTargetDependency section */

/* Begin PBXVariantGroup section */
		7696B5302A60142F0063D21F /* Main.storyboard */ = {
			isa = PBXVariantGroup;
			children = (
				7696B5312A60142F0063D21F /* Base */,
			);
			name = Main.storyboard;
			sourceTree = "<group>";
		};
		7696B5352A6014300063D21F /* LaunchScreen.storyboard */ = {
			isa = PBXVariantGroup;
			children = (
				7696B5362A6014300063D21F /* Base */,
			);
			name = LaunchScreen.storyboard;
			sourceTree = "<group>";
		};
/* End PBXVariantGroup section */

/* Begin XCBuildConfiguration section */
		7696B54F2A6014300063D21F /* Debug */ = {
			isa = XCBuildConfiguration;
			buildSettings = {
				ALWAYS_SEARCH_USER_PATHS = NO;
				CLANG_ANALYZER_NONNULL = YES;
				CLANG_ANALYZER_NUMBER_OBJECT_CONVERSION = YES_AGGRESSIVE;
				CLANG_CXX_LANGUAGE_STANDARD = "gnu++20";
				CLANG_ENABLE_MODULES = YES;
				CLANG_ENABLE_OBJC_ARC = YES;
				CLANG_ENABLE_OBJC_WEAK = YES;
				CLANG_WARN_BLOCK_CAPTURE_AUTORELEASING = YES;
				CLANG_WARN_BOOL_CONVERSION = YES;
				CLANG_WARN_COMMA = YES;
				CLANG_WARN_CONSTANT_CONVERSION = YES;
				CLANG_WARN_DEPRECATED_OBJC_IMPLEMENTATIONS = YES;
				CLANG_WARN_DIRECT_OBJC_ISA_USAGE = YES_ERROR;
				CLANG_WARN_DOCUMENTATION_COMMENTS = YES;
				CLANG_WARN_EMPTY_BODY = YES;
				CLANG_WARN_ENUM_CONVERSION = YES;
				CLANG_WARN_INFINITE_RECURSION = YES;
				CLANG_WARN_INT_CONVERSION = YES;
				CLANG_WARN_NON_LITERAL_NULL_CONVERSION = YES;
				CLANG_WARN_OBJC_IMPLICIT_RETAIN_SELF = YES;
				CLANG_WARN_OBJC_LITERAL_CONVERSION = YES;
				CLANG_WARN_OBJC_ROOT_CLASS = YES_ERROR;
				CLANG_WARN_QUOTED_INCLUDE_IN_FRAMEWORK_HEADER = YES;
				CLANG_WARN_RANGE_LOOP_ANALYSIS = YES;
				CLANG_WARN_STRICT_PROTOTYPES = YES;
				CLANG_WARN_SUSPICIOUS_MOVE = YES;
				CLANG_WARN_UNGUARDED_AVAILABILITY = YES_AGGRESSIVE;
				CLANG_WARN_UNREACHABLE_CODE = YES;
				CLANG_WARN__DUPLICATE_METHOD_MATCH = YES;
				COPY_PHASE_STRIP = NO;
				DEBUG_INFORMATION_FORMAT = dwarf;
				ENABLE_STRICT_OBJC_MSGSEND = YES;
				ENABLE_TESTABILITY = YES;
				GCC_C_LANGUAGE_STANDARD = gnu11;
				GCC_DYNAMIC_NO_PIC = NO;
				GCC_NO_COMMON_BLOCKS = YES;
				GCC_OPTIMIZATION_LEVEL = 0;
				GCC_PREPROCESSOR_DEFINITIONS = (
					"DEBUG=1",
					"$(inherited)",
				);
				GCC_WARN_64_TO_32_BIT_CONVERSION = YES;
				GCC_WARN_ABOUT_RETURN_TYPE = YES_ERROR;
				GCC_WARN_UNDECLARED_SELECTOR = YES;
				GCC_WARN_UNINITIALIZED_AUTOS = YES_AGGRESSIVE;
				GCC_WARN_UNUSED_FUNCTION = YES;
				GCC_WARN_UNUSED_VARIABLE = YES;
				IPHONEOS_DEPLOYMENT_TARGET = 16.4;
				MTL_ENABLE_DEBUG_INFO = INCLUDE_SOURCE;
				MTL_FAST_MATH = YES;
				ONLY_ACTIVE_ARCH = YES;
				SDKROOT = iphoneos;
				SWIFT_ACTIVE_COMPILATION_CONDITIONS = DEBUG;
				SWIFT_OPTIMIZATION_LEVEL = "-Onone";
			};
			name = Debug;
		};
		7696B5502A6014300063D21F /* Release */ = {
			isa = XCBuildConfiguration;
			buildSettings = {
				ALWAYS_SEARCH_USER_PATHS = NO;
				CLANG_ANALYZER_NONNULL = YES;
				CLANG_ANALYZER_NUMBER_OBJECT_CONVERSION = YES_AGGRESSIVE;
				CLANG_CXX_LANGUAGE_STANDARD = "gnu++20";
				CLANG_ENABLE_MODULES = YES;
				CLANG_ENABLE_OBJC_ARC = YES;
				CLANG_ENABLE_OBJC_WEAK = YES;
				CLANG_WARN_BLOCK_CAPTURE_AUTORELEASING = YES;
				CLANG_WARN_BOOL_CONVERSION = YES;
				CLANG_WARN_COMMA = YES;
				CLANG_WARN_CONSTANT_CONVERSION = YES;
				CLANG_WARN_DEPRECATED_OBJC_IMPLEMENTATIONS = YES;
				CLANG_WARN_DIRECT_OBJC_ISA_USAGE = YES_ERROR;
				CLANG_WARN_DOCUMENTATION_COMMENTS = YES;
				CLANG_WARN_EMPTY_BODY = YES;
				CLANG_WARN_ENUM_CONVERSION = YES;
				CLANG_WARN_INFINITE_RECURSION = YES;
				CLANG_WARN_INT_CONVERSION = YES;
				CLANG_WARN_NON_LITERAL_NULL_CONVERSION = YES;
				CLANG_WARN_OBJC_IMPLICIT_RETAIN_SELF = YES;
				CLANG_WARN_OBJC_LITERAL_CONVERSION = YES;
				CLANG_WARN_OBJC_ROOT_CLASS = YES_ERROR;
				CLANG_WARN_QUOTED_INCLUDE_IN_FRAMEWORK_HEADER = YES;
				CLANG_WARN_RANGE_LOOP_ANALYSIS = YES;
				CLANG_WARN_STRICT_PROTOTYPES = YES;
				CLANG_WARN_SUSPICIOUS_MOVE = YES;
				CLANG_WARN_UNGUARDED_AVAILABILITY = YES_AGGRESSIVE;
				CLANG_WARN_UNREACHABLE_CODE = YES;
				CLANG_WARN__DUPLICATE_METHOD_MATCH = YES;
				COPY_PHASE_STRIP = NO;
				DEBUG_INFORMATION_FORMAT = "dwarf-with-dsym";
				ENABLE_NS_ASSERTIONS = NO;
				ENABLE_STRICT_OBJC_MSGSEND = YES;
				GCC_C_LANGUAGE_STANDARD = gnu11;
				GCC_NO_COMMON_BLOCKS = YES;
				GCC_WARN_64_TO_32_BIT_CONVERSION = YES;
				GCC_WARN_ABOUT_RETURN_TYPE = YES_ERROR;
				GCC_WARN_UNDECLARED_SELECTOR = YES;
				GCC_WARN_UNINITIALIZED_AUTOS = YES_AGGRESSIVE;
				GCC_WARN_UNUSED_FUNCTION = YES;
				GCC_WARN_UNUSED_VARIABLE = YES;
				IPHONEOS_DEPLOYMENT_TARGET = 16.4;
				MTL_ENABLE_DEBUG_INFO = NO;
				MTL_FAST_MATH = YES;
				SDKROOT = iphoneos;
				SWIFT_COMPILATION_MODE = wholemodule;
				SWIFT_OPTIMIZATION_LEVEL = "-O";
				VALIDATE_PRODUCT = YES;
			};
			name = Release;
		};
		7696B5522A6014300063D21F /* Debug */ = {
			isa = XCBuildConfiguration;
			buildSettings = {
				ASSETCATALOG_COMPILER_APPICON_NAME = AppIcon;
				ASSETCATALOG_COMPILER_GLOBAL_ACCENT_COLOR_NAME = AccentColor;
				CODE_SIGN_STYLE = Automatic;
				CURRENT_PROJECT_VERSION = 1;
				DEVELOPMENT_TEAM = 2A3Q7XBRAK;
				GENERATE_INFOPLIST_FILE = YES;
				INFOPLIST_FILE = Tempo/Info.plist;
				INFOPLIST_KEY_UIApplicationSupportsIndirectInputEvents = YES;
				INFOPLIST_KEY_UILaunchStoryboardName = LaunchScreen;
				INFOPLIST_KEY_UIMainStoryboardFile = Main;
				INFOPLIST_KEY_UISupportedInterfaceOrientations_iPad = "UIInterfaceOrientationPortrait UIInterfaceOrientationPortraitUpsideDown UIInterfaceOrientationLandscapeLeft UIInterfaceOrientationLandscapeRight";
				INFOPLIST_KEY_UISupportedInterfaceOrientations_iPhone = "UIInterfaceOrientationPortrait UIInterfaceOrientationLandscapeLeft UIInterfaceOrientationLandscapeRight";
				LD_RUNPATH_SEARCH_PATHS = (
					"$(inherited)",
					"@executable_path/Frameworks",
				);
				MARKETING_VERSION = 1.0;
				PRODUCT_BUNDLE_IDENTIFIER = com.remon.Tempo;
				PRODUCT_NAME = "$(TARGET_NAME)";
				SWIFT_EMIT_LOC_STRINGS = YES;
				SWIFT_VERSION = 5.0;
				TARGETED_DEVICE_FAMILY = "1,2";
			};
			name = Debug;
		};
		7696B5532A6014300063D21F /* Release */ = {
			isa = XCBuildConfiguration;
			buildSettings = {
				ASSETCATALOG_COMPILER_APPICON_NAME = AppIcon;
				ASSETCATALOG_COMPILER_GLOBAL_ACCENT_COLOR_NAME = AccentColor;
				CODE_SIGN_STYLE = Automatic;
				CURRENT_PROJECT_VERSION = 1;
				DEVELOPMENT_TEAM = 2A3Q7XBRAK;
				GENERATE_INFOPLIST_FILE = YES;
				INFOPLIST_FILE = Tempo/Info.plist;
				INFOPLIST_KEY_UIApplicationSupportsIndirectInputEvents = YES;
				INFOPLIST_KEY_UILaunchStoryboardName = LaunchScreen;
				INFOPLIST_KEY_UIMainStoryboardFile = Main;
				INFOPLIST_KEY_UISupportedInterfaceOrientations_iPad = "UIInterfaceOrientationPortrait UIInterfaceOrientationPortraitUpsideDown UIInterfaceOrientationLandscapeLeft UIInterfaceOrientationLandscapeRight";
				INFOPLIST_KEY_UISupportedInterfaceOrientations_iPhone = "UIInterfaceOrientationPortrait UIInterfaceOrientationLandscapeLeft UIInterfaceOrientationLandscapeRight";
				LD_RUNPATH_SEARCH_PATHS = (
					"$(inherited)",
					"@executable_path/Frameworks",
				);
				MARKETING_VERSION = 1.0;
				PRODUCT_BUNDLE_IDENTIFIER = com.remon.Tempo;
				PRODUCT_NAME = "$(TARGET_NAME)";
				SWIFT_EMIT_LOC_STRINGS = YES;
				SWIFT_VERSION = 5.0;
				TARGETED_DEVICE_FAMILY = "1,2";
			};
			name = Release;
		};
		7696B5552A6014300063D21F /* Debug */ = {
			isa = XCBuildConfiguration;
			buildSettings = {
				ALWAYS_EMBED_SWIFT_STANDARD_LIBRARIES = YES;
				BUNDLE_LOADER = "$(TEST_HOST)";
				CODE_SIGN_STYLE = Automatic;
				CURRENT_PROJECT_VERSION = 1;
				DEVELOPMENT_TEAM = 2A3Q7XBRAK;
				GENERATE_INFOPLIST_FILE = YES;
				IPHONEOS_DEPLOYMENT_TARGET = 16.4;
				MARKETING_VERSION = 1.0;
				PRODUCT_BUNDLE_IDENTIFIER = com.remon.TempoTests;
				PRODUCT_NAME = "$(TARGET_NAME)";
				SWIFT_EMIT_LOC_STRINGS = NO;
				SWIFT_VERSION = 5.0;
				TARGETED_DEVICE_FAMILY = "1,2";
				TEST_HOST = "$(BUILT_PRODUCTS_DIR)/Tempo.app/$(BUNDLE_EXECUTABLE_FOLDER_PATH)/Tempo";
			};
			name = Debug;
		};
		7696B5562A6014300063D21F /* Release */ = {
			isa = XCBuildConfiguration;
			buildSettings = {
				ALWAYS_EMBED_SWIFT_STANDARD_LIBRARIES = YES;
				BUNDLE_LOADER = "$(TEST_HOST)";
				CODE_SIGN_STYLE = Automatic;
				CURRENT_PROJECT_VERSION = 1;
				DEVELOPMENT_TEAM = 2A3Q7XBRAK;
				GENERATE_INFOPLIST_FILE = YES;
				IPHONEOS_DEPLOYMENT_TARGET = 16.4;
				MARKETING_VERSION = 1.0;
				PRODUCT_BUNDLE_IDENTIFIER = com.remon.TempoTests;
				PRODUCT_NAME = "$(TARGET_NAME)";
				SWIFT_EMIT_LOC_STRINGS = NO;
				SWIFT_VERSION = 5.0;
				TARGETED_DEVICE_FAMILY = "1,2";
				TEST_HOST = "$(BUILT_PRODUCTS_DIR)/Tempo.app/$(BUNDLE_EXECUTABLE_FOLDER_PATH)/Tempo";
			};
			name = Release;
		};
		7696B5582A6014300063D21F /* Debug */ = {
			isa = XCBuildConfiguration;
			buildSettings = {
				ALWAYS_EMBED_SWIFT_STANDARD_LIBRARIES = YES;
				CODE_SIGN_STYLE = Automatic;
				CURRENT_PROJECT_VERSION = 1;
				DEVELOPMENT_TEAM = 2A3Q7XBRAK;
				GENERATE_INFOPLIST_FILE = YES;
				MARKETING_VERSION = 1.0;
				PRODUCT_BUNDLE_IDENTIFIER = com.remon.TempoUITests;
				PRODUCT_NAME = "$(TARGET_NAME)";
				SWIFT_EMIT_LOC_STRINGS = NO;
				SWIFT_VERSION = 5.0;
				TARGETED_DEVICE_FAMILY = "1,2";
				TEST_TARGET_NAME = Tempo;
			};
			name = Debug;
		};
		7696B5592A6014300063D21F /* Release */ = {
			isa = XCBuildConfiguration;
			buildSettings = {
				ALWAYS_EMBED_SWIFT_STANDARD_LIBRARIES = YES;
				CODE_SIGN_STYLE = Automatic;
				CURRENT_PROJECT_VERSION = 1;
				DEVELOPMENT_TEAM = 2A3Q7XBRAK;
				GENERATE_INFOPLIST_FILE = YES;
				MARKETING_VERSION = 1.0;
				PRODUCT_BUNDLE_IDENTIFIER = com.remon.TempoUITests;
				PRODUCT_NAME = "$(TARGET_NAME)";
				SWIFT_EMIT_LOC_STRINGS = NO;
				SWIFT_VERSION = 5.0;
				TARGETED_DEVICE_FAMILY = "1,2";
				TEST_TARGET_NAME = Tempo;
			};
			name = Release;
		};
/* End XCBuildConfiguration section */

/* Begin XCConfigurationList section */
		7696B5222A60142F0063D21F /* Build configuration list for PBXProject "Tempo" */ = {
			isa = XCConfigurationList;
			buildConfigurations = (
				7696B54F2A6014300063D21F /* Debug */,
				7696B5502A6014300063D21F /* Release */,
			);
			defaultConfigurationIsVisible = 0;
			defaultConfigurationName = Release;
		};
		7696B5512A6014300063D21F /* Build configuration list for PBXNativeTarget "Tempo" */ = {
			isa = XCConfigurationList;
			buildConfigurations = (
				7696B5522A6014300063D21F /* Debug */,
				7696B5532A6014300063D21F /* Release */,
			);
			defaultConfigurationIsVisible = 0;
			defaultConfigurationName = Release;
		};
		7696B5542A6014300063D21F /* Build configuration list for PBXNativeTarget "TempoTests" */ = {
			isa = XCConfigurationList;
			buildConfigurations = (
				7696B5552A6014300063D21F /* Debug */,
				7696B5562A6014300063D21F /* Release */,
			);
			defaultConfigurationIsVisible = 0;
			defaultConfigurationName = Release;
		};
		7696B5572A6014300063D21F /* Build configuration list for PBXNativeTarget "TempoUITests" */ = {
			isa = XCConfigurationList;
			buildConfigurations = (
				7696B5582A6014300063D21F /* Debug */,
				7696B5592A6014300063D21F /* Release */,
			);
			defaultConfigurationIsVisible = 0;
			defaultConfigurationName = Release;
		};
/* End XCConfigurationList section */
	};
	rootObject = 7696B51F2A60142F0063D21F /* Project object */;
}
